
Microsoft Visual Studio Solution File, Format Version 12.00
# Visual Studio Version 16
VisualStudioVersion = 16.0.31019.35
MinimumVisualStudioVersion = 10.0.40219.1
Project("{FAE04EC0-301F-11D3-BF4B-00C04F79EFBC}") = "VerivoxTask", "VerivoxTask\VerivoxTask.csproj", "{CCD8D203-DA47-441E-8F9F-54538D75CF65}"
EndProject
Project("{2150E333-8FDC-42A3-9474-1A3956D46DE8}") = "Solution Items", "Solution Items", "{619F81FA-B381-4EAD-AC52-0C59C81CCB61}"
	ProjectSection(SolutionItems) = preProject
		ReadMe.md = ReadMe.md
	EndProjectSection
EndProject
Project("{FAE04EC0-301F-11D3-BF4B-00C04F79EFBC}") = "VerivoxTask.UnitTest", "VerivoxTask.UnitTest\VerivoxTask.UnitTest.csproj", "{4D48657D-5A57-4C14-88CA-303001DE76C2}"
EndProject
Global
	GlobalSection(SolutionConfigurationPlatforms) = preSolution
		Debug|Any CPU = Debug|Any CPU
		Release|Any CPU = Release|Any CPU
	EndGlobalSection
	GlobalSection(ProjectConfigurationPlatforms) = postSolution
		{CCD8D203-DA47-441E-8F9F-54538D75CF65}.Debug|Any CPU.ActiveCfg = Debug|Any CPU
		{CCD8D203-DA47-441E-8F9F-54538D75CF65}.Debug|Any CPU.Build.0 = Debug|Any CPU
		{CCD8D203-DA47-441E-8F9F-54538D75CF65}.Release|Any CPU.ActiveCfg = Release|Any CPU
		{CCD8D203-DA47-441E-8F9F-54538D75CF65}.Release|Any CPU.Build.0 = Release|Any CPU
		{4D48657D-5A57-4C14-88CA-303001DE76C2}.Debug|Any CPU.ActiveCfg = Debug|Any CPU
		{4D48657D-5A57-4C14-88CA-303001DE76C2}.Debug|Any CPU.Build.0 = Debug|Any CPU
		{4D48657D-5A57-4C14-88CA-303001DE76C2}.Release|Any CPU.ActiveCfg = Release|Any CPU
		{4D48657D-5A57-4C14-88CA-303001DE76C2}.Release|Any CPU.Build.0 = Release|Any CPU
	EndGlobalSection
	GlobalSection(SolutionProperties) = preSolution
		HideSolutionNode = FALSE
	EndGlobalSection
	GlobalSection(ExtensibilityGlobals) = postSolution
		SolutionGuid = {AA650386-0E99-4D22-B37E-D28628B51924}
	EndGlobalSection
EndGlobal
